
Microsoft Visual Studio Solution File, Format Version 12.00
# Visual Studio Version 16
VisualStudioVersion = 16.0.31410.357
MinimumVisualStudioVersion = 10.0.40219.1
Project("{2150E333-8FDC-42A3-9474-1A3956D46DE8}") = "Services", "Services", "{FC4B4821-5468-45A1-91F9-D629388DB36F}"
EndProject
Project("{9A19103F-16F7-4668-BE54-9A1E7A4F7556}") = "Chat.API", "Services\Chat.API\Chat.API.csproj", "{56597779-7C2F-443B-8483-BDFEB8D964D5}"
EndProject
Project("{E53339B2-1760-4266-BCC7-CA923CBCF16C}") = "docker-compose", "docker-compose.dcproj", "{DDF41C3D-0775-4236-B89A-13DFAA7986C5}"
EndProject
Project("{9A19103F-16F7-4668-BE54-9A1E7A4F7556}") = "MessageSender.API", "Services\MessageSender.API\MessageSender.API.csproj", "{A9F55E4D-8A62-449D-A9B7-1EACF6242814}"
EndProject
Project("{2150E333-8FDC-42A3-9474-1A3956D46DE8}") = "Test", "Test", "{43DD41C3-AB8A-4DC4-A5F4-5FC1AEE77C5E}"
EndProject
Project("{9A19103F-16F7-4668-BE54-9A1E7A4F7556}") = "Chat.API.Test", "Services\Chat.API.Test\Chat.API.Test.csproj", "{62B89EA8-21C2-470C-AAB8-66E745223C2F}"
EndProject
Project("{2150E333-8FDC-42A3-9474-1A3956D46DE8}") = "BuildingBlocks", "BuildingBlocks", "{9CA7507E-DCC6-407D-AA73-37A0CC942192}"
EndProject
Project("{FAE04EC0-301F-11D3-BF4B-00C04F79EFBC}") = "EventBus.Messages", "BuildingBlocks\ClassLibrary1\EventBus.Messages.csproj", "{457F64A1-2942-4F6A-A5D1-B080DB1D0E44}"
EndProject
Global
	GlobalSection(SolutionConfigurationPlatforms) = preSolution
		Debug|Any CPU = Debug|Any CPU
		Release|Any CPU = Release|Any CPU
	EndGlobalSection
	GlobalSection(ProjectConfigurationPlatforms) = postSolution
		{56597779-7C2F-443B-8483-BDFEB8D964D5}.Debug|Any CPU.ActiveCfg = Debug|Any CPU
		{56597779-7C2F-443B-8483-BDFEB8D964D5}.Debug|Any CPU.Build.0 = Debug|Any CPU
		{56597779-7C2F-443B-8483-BDFEB8D964D5}.Release|Any CPU.ActiveCfg = Release|Any CPU
		{56597779-7C2F-443B-8483-BDFEB8D964D5}.Release|Any CPU.Build.0 = Release|Any CPU
		{DDF41C3D-0775-4236-B89A-13DFAA7986C5}.Debug|Any CPU.ActiveCfg = Debug|Any CPU
		{DDF41C3D-0775-4236-B89A-13DFAA7986C5}.Debug|Any CPU.Build.0 = Debug|Any CPU
		{DDF41C3D-0775-4236-B89A-13DFAA7986C5}.Release|Any CPU.ActiveCfg = Release|Any CPU
		{DDF41C3D-0775-4236-B89A-13DFAA7986C5}.Release|Any CPU.Build.0 = Release|Any CPU
		{A9F55E4D-8A62-449D-A9B7-1EACF6242814}.Debug|Any CPU.ActiveCfg = Debug|Any CPU
		{A9F55E4D-8A62-449D-A9B7-1EACF6242814}.Debug|Any CPU.Build.0 = Debug|Any CPU
		{A9F55E4D-8A62-449D-A9B7-1EACF6242814}.Release|Any CPU.ActiveCfg = Release|Any CPU
		{A9F55E4D-8A62-449D-A9B7-1EACF6242814}.Release|Any CPU.Build.0 = Release|Any CPU
		{62B89EA8-21C2-470C-AAB8-66E745223C2F}.Debug|Any CPU.ActiveCfg = Debug|Any CPU
		{62B89EA8-21C2-470C-AAB8-66E745223C2F}.Debug|Any CPU.Build.0 = Debug|Any CPU
		{62B89EA8-21C2-470C-AAB8-66E745223C2F}.Release|Any CPU.ActiveCfg = Release|Any CPU
		{62B89EA8-21C2-470C-AAB8-66E745223C2F}.Release|Any CPU.Build.0 = Release|Any CPU
		{457F64A1-2942-4F6A-A5D1-B080DB1D0E44}.Debug|Any CPU.ActiveCfg = Debug|Any CPU
		{457F64A1-2942-4F6A-A5D1-B080DB1D0E44}.Debug|Any CPU.Build.0 = Debug|Any CPU
		{457F64A1-2942-4F6A-A5D1-B080DB1D0E44}.Release|Any CPU.ActiveCfg = Release|Any CPU
		{457F64A1-2942-4F6A-A5D1-B080DB1D0E44}.Release|Any CPU.Build.0 = Release|Any CPU
	EndGlobalSection
	GlobalSection(SolutionProperties) = preSolution
		HideSolutionNode = FALSE
	EndGlobalSection
	GlobalSection(NestedProjects) = preSolution
		{56597779-7C2F-443B-8483-BDFEB8D964D5} = {FC4B4821-5468-45A1-91F9-D629388DB36F}
		{A9F55E4D-8A62-449D-A9B7-1EACF6242814} = {FC4B4821-5468-45A1-91F9-D629388DB36F}
		{43DD41C3-AB8A-4DC4-A5F4-5FC1AEE77C5E} = {FC4B4821-5468-45A1-91F9-D629388DB36F}
		{62B89EA8-21C2-470C-AAB8-66E745223C2F} = {43DD41C3-AB8A-4DC4-A5F4-5FC1AEE77C5E}
		{457F64A1-2942-4F6A-A5D1-B080DB1D0E44} = {9CA7507E-DCC6-407D-AA73-37A0CC942192}
	EndGlobalSection
	GlobalSection(ExtensibilityGlobals) = postSolution
		SolutionGuid = {91731252-5864-4FFE-80DC-4666CC4BFB5D}
	EndGlobalSection
EndGlobal
